
Microsoft Visual Studio Solution File, Format Version 12.00
Project("{FAE04EC0-301F-11D3-BF4B-00C04F79EFBC}") = "KevesKonyv", "KevesKonyv\KevesKonyv.csproj", "{27F26C5E-A7C6-4191-BA6D-3CCC16D4BB66}"
EndProject
Global
	GlobalSection(SolutionConfigurationPlatforms) = preSolution
		Debug|Any CPU = Debug|Any CPU
		Release|Any CPU = Release|Any CPU
	EndGlobalSection
	GlobalSection(ProjectConfigurationPlatforms) = postSolution
		{27F26C5E-A7C6-4191-BA6D-3CCC16D4BB66}.Debug|Any CPU.ActiveCfg = Debug|Any CPU
		{27F26C5E-A7C6-4191-BA6D-3CCC16D4BB66}.Debug|Any CPU.Build.0 = Debug|Any CPU
		{27F26C5E-A7C6-4191-BA6D-3CCC16D4BB66}.Release|Any CPU.ActiveCfg = Release|Any CPU
		{27F26C5E-A7C6-4191-BA6D-3CCC16D4BB66}.Release|Any CPU.Build.0 = Release|Any CPU
	EndGlobalSection
EndGlobal
